PODS:
  - Flutter (1.0.0)
  - integration_test (0.0.1):
    - Flutter
  - loplat_plengi (0.0.1):
    - Flutter
    - Plengi (= 1.5.8-rc1)
  - permission_handler_apple (9.3.0):
    - Flutter
  - Plengi (1.5.8-rc1)
  - shared_preferences_foundation (0.0.1):
    - Flutter
    - FlutterMacOS
  - sqflite (0.0.3):
    - Flutter
    - FlutterMacOS

DEPENDENCIES:
  - Flutter (from `Flutter`)
  - integration_test (from `.symlinks/plugins/integration_test/ios`)
  - loplat_plengi (from `.symlinks/plugins/loplat_plengi/ios`)
  - permission_handler_apple (from `.symlinks/plugins/permission_handler_apple/ios`)
  - shared_preferences_foundation (from `.symlinks/plugins/shared_preferences_foundation/darwin`)
  - sqflite (from `.symlinks/plugins/sqflite/darwin`)

SPEC REPOS:
  trunk:
    - Plengi

EXTERNAL SOURCES:
  Flutter:
    :path: Flutter
  integration_test:
    :path: ".symlinks/plugins/integration_test/ios"
  loplat_plengi:
    :path: ".symlinks/plugins/loplat_plengi/ios"
  permission_handler_apple:
    :path: ".symlinks/plugins/permission_handler_apple/ios"
  shared_preferences_foundation:
    :path: ".symlinks/plugins/shared_preferences_foundation/darwin"
  sqflite:
    :path: ".symlinks/plugins/sqflite/darwin"

SPEC CHECKSUMS:
  Flutter: e0871f40cf51350855a761d2e70bf5af5b9b5de7
  integration_test: 4a889634ef21a45d28d50d622cf412dc6d9f586e
  loplat_plengi: 30c4d32066950310250694b6042dd211b45bf6f6
  permission_handler_apple: 4ed2196e43d0651e8ff7ca3483a069d469701f2d
  Plengi: 693dedb34414f2fe957c554ac3fa0be298106a98
  shared_preferences_foundation: 9e1978ff2562383bd5676f64ec4e9aa8fa06a6f7
  sqflite: c35dad70033b8862124f8337cc994a809fcd9fa3

PODFILE CHECKSUM: 15a3f8f4c1c607abd99a459ba9b1968909b44c25

COCOAPODS: 1.16.2
