PODS:
  - Flutter (1.0.0)
  - integration_test (0.0.1):
    - Flutter
  - loplat_plengi (0.0.1):
    - Flutter
    - Plengi (= 1.5.15)
  - permission_handler_apple (9.3.0):
    - Flutter
  - Plengi (1.5.15)
  - shared_preferences_foundation (0.0.1):
    - Flutter
    - FlutterMacOS
  - sqflite_darwin (0.0.4):
    - Flutter
    - FlutterMacOS

DEPENDENCIES:
  - Flutter (from `Flutter`)
  - integration_test (from `.symlinks/plugins/integration_test/ios`)
  - loplat_plengi (from `.symlinks/plugins/loplat_plengi/ios`)
  - permission_handler_apple (from `.symlinks/plugins/permission_handler_apple/ios`)
  - shared_preferences_foundation (from `.symlinks/plugins/shared_preferences_foundation/darwin`)
  - sqflite_darwin (from `.symlinks/plugins/sqflite_darwin/darwin`)

SPEC REPOS:
  trunk:
    - Plengi

EXTERNAL SOURCES:
  Flutter:
    :path: Flutter
  integration_test:
    :path: ".symlinks/plugins/integration_test/ios"
  loplat_plengi:
    :path: ".symlinks/plugins/loplat_plengi/ios"
  permission_handler_apple:
    :path: ".symlinks/plugins/permission_handler_apple/ios"
  shared_preferences_foundation:
    :path: ".symlinks/plugins/shared_preferences_foundation/darwin"
  sqflite_darwin:
    :path: ".symlinks/plugins/sqflite_darwin/darwin"

SPEC CHECKSUMS:
  Flutter: cabc95a1d2626b1b06e7179b784ebcf0c0cde467
  integration_test: 4a889634ef21a45d28d50d622cf412dc6d9f586e
  loplat_plengi: 693933ab0a659fb3bb8fdca79c7cc13cdc560356
  permission_handler_apple: 4ed2196e43d0651e8ff7ca3483a069d469701f2d
  Plengi: 23c852b7b6af6c36c9964fe2b9b4e799a511b292
  shared_preferences_foundation: 7036424c3d8ec98dfe75ff1667cb0cd531ec82bb
  sqflite_darwin: 20b2a3a3b70e43edae938624ce550a3cbf66a3d0

PODFILE CHECKSUM: e99c0ccdc7571b2b737e423189c48efcaca30f26

COCOAPODS: 1.16.2
